<?xml version="1.0" encoding="utf-8"?>
<Project ToolsVersion="4.0" xmlns="http://schemas.microsoft.com/developer/msbuild/2003">
  <ItemGroup>
    <Filter Include="Vendor">
      <UniqueIdentifier>{935FDCD7-7F01-07AE-68BC-1A0254FD8DFE}</UniqueIdentifier>
    </Filter>
    <Filter Include="Vendor\glm">
      <UniqueIdentifier>{627B7327-4E33-B574-B73A-8ED0A3115065}</UniqueIdentifier>
    </Filter>
    <Filter Include="src">
      <UniqueIdentifier>{2DAB880B-99B4-887C-2230-9F7C8E38947C}</UniqueIdentifier>
    </Filter>
    <Filter Include="src\IsoEngine">
      <UniqueIdentifier>{9DE15A94-09A2-D6CA-D2DC-1F483E5C1BA7}</UniqueIdentifier>
    </Filter>
    <Filter Include="src\IsoEngine\Events">
      <UniqueIdentifier>{E1FA0877-CD89-9240-76A8-A63B6216A3E6}</UniqueIdentifier>
    </Filter>
    <Filter Include="src\IsoEngine\ImGui">
      <UniqueIdentifier>{8758BF87-F3B9-9C95-7C27-E347E887D354}</UniqueIdentifier>
    </Filter>
    <Filter Include="src\IsoEngine\IsoLogger">
      <UniqueIdentifier>{570FDEC2-C346-265A-CC50-8A7D38074D53}</UniqueIdentifier>
    </Filter>
    <Filter Include="src\IsoEngine\Platform">
      <UniqueIdentifier>{913E5179-7D38-7ACB-66A5-10DC523EE037}</UniqueIdentifier>
    </Filter>
    <Filter Include="src\IsoEngine\Platform\Windows">
      <UniqueIdentifier>{CBE938DE-B70F-0345-A055-88108C1A2811}</UniqueIdentifier>
    </Filter>
  </ItemGroup>
  <ItemGroup>
    <ClInclude Include="src\IsoEngine.h">
      <Filter>src</Filter>
    </ClInclude>
    <ClInclude Include="src\IsoEngine\Application.h">
      <Filter>src\IsoEngine</Filter>
    </ClInclude>
    <ClInclude Include="src\IsoEngine\EntryPoint.h">
      <Filter>src\IsoEngine</Filter>
    </ClInclude>
    <ClInclude Include="src\IsoEngine\Events\ApplicationEvent.h">
      <Filter>src\IsoEngine\Events</Filter>
    </ClInclude>
    <ClInclude Include="src\IsoEngine\Events\Event.h">
      <Filter>src\IsoEngine\Events</Filter>
    </ClInclude>
    <ClInclude Include="src\IsoEngine\Events\KeyEvent.h">
      <Filter>src\IsoEngine\Events</Filter>
    </ClInclude>
    <ClInclude Include="src\IsoEngine\Events\MouseEvent.h">
      <Filter>src\IsoEngine\Events</Filter>
    </ClInclude>
    <ClInclude Include="src\IsoEngine\ImGui\ImGuiLayer.h">
      <Filter>src\IsoEngine\ImGui</Filter>
    </ClInclude>
    <ClInclude Include="src\IsoEngine\Input.h">
      <Filter>src\IsoEngine</Filter>
    </ClInclude>
    <ClInclude Include="src\IsoEngine\IsoLogger\IsoLogger.h">
      <Filter>src\IsoEngine\IsoLogger</Filter>
    </ClInclude>
    <ClInclude Include="src\IsoEngine\IsoLogger\IsoLoggerFormatter.h">
      <Filter>src\IsoEngine\IsoLogger</Filter>
    </ClInclude>
    <ClInclude Include="src\IsoEngine\IsoLogger\IsoLoggerUtilities.h">
      <Filter>src\IsoEngine\IsoLogger</Filter>
    </ClInclude>
    <ClInclude Include="src\IsoEngine\IsoMacros.h">
      <Filter>src\IsoEngine</Filter>
    </ClInclude>
    <ClInclude Include="src\IsoEngine\KeyCodes.h">
      <Filter>src\IsoEngine</Filter>
    </ClInclude>
    <ClInclude Include="src\IsoEngine\Layer.h">
      <Filter>src\IsoEngine</Filter>
    </ClInclude>
    <ClInclude Include="src\IsoEngine\LayerStack.h">
      <Filter>src\IsoEngine</Filter>
    </ClInclude>
    <ClInclude Include="src\IsoEngine\MouseCodes.h">
      <Filter>src\IsoEngine</Filter>
    </ClInclude>
    <ClInclude Include="src\IsoEngine\Platform\Windows\WindowsInput.h">
      <Filter>src\IsoEngine\Platform\Windows</Filter>
    </ClInclude>
    <ClInclude Include="src\IsoEngine\Platform\Windows\WindowsWindow.h">
      <Filter>src\IsoEngine\Platform\Windows</Filter>
    </ClInclude>
    <ClInclude Include="src\IsoEngine\Window.h">
      <Filter>src\IsoEngine</Filter>
    </ClInclude>
    <ClInclude Include="src\iepch.h">
      <Filter>src</Filter>
    </ClInclude>
    <ClInclude Include="src\IsoEngine\Renderer\GraphicsContext.h" />
    <ClInclude Include="src\IsoEngine\Platform\OpenGL\OpenGLContext.h" />
    <ClInclude Include="src\IsoEngine\Renderer\Shader.h" />
    <ClInclude Include="src\IsoEngine\Renderer\Buffer.h" />
    <ClInclude Include="src\IsoEngine\Renderer\Textures.h" />
    <ClInclude Include="src\IsoEngine\Platform\OpenGL\OpenGLBuffer.h" />
    <ClInclude Include="src\IsoEngine\Renderer\Renderer.h" />
    <ClInclude Include="src\IsoEngine\Renderer\VertexArray.h" />
    <ClInclude Include="src\IsoEngine\Platform\OpenGL\OpenGLVertexArray.h" />
    <ClInclude Include="src\IsoEngine\Renderer\RendererAPI.h" />
    <ClInclude Include="src\IsoEngine\Renderer\RenderCommand.h" />
    <ClInclude Include="src\IsoEngine\Platform\OpenGL\OpenGLRendererAPI.h" />
  </ItemGroup>
  <ItemGroup>
    <ClCompile Include="src\IsoEngine\Application.cpp">
      <Filter>src\IsoEngine</Filter>
    </ClCompile>
    <ClCompile Include="src\IsoEngine\ImGui\ImGuiBuild.cpp">
      <Filter>src\IsoEngine\ImGui</Filter>
    </ClCompile>
    <ClCompile Include="src\IsoEngine\ImGui\ImGuiLayer.cpp">
      <Filter>src\IsoEngine\ImGui</Filter>
    </ClCompile>
    <ClCompile Include="src\IsoEngine\Layer.cpp">
      <Filter>src\IsoEngine</Filter>
    </ClCompile>
    <ClCompile Include="src\IsoEngine\LayerStack.cpp">
      <Filter>src\IsoEngine</Filter>
    </ClCompile>
    <ClCompile Include="src\IsoEngine\Platform\Windows\WindowsInput.cpp">
      <Filter>src\IsoEngine\Platform\Windows</Filter>
    </ClCompile>
    <ClCompile Include="src\IsoEngine\Platform\Windows\WindowsWindow.cpp">
      <Filter>src\IsoEngine\Platform\Windows</Filter>
    </ClCompile>
    <ClCompile Include="src\iepch.cpp">
      <Filter>src</Filter>
    </ClCompile>
    <ClCompile Include="src\IsoEngine\Platform\OpenGL\OpenGLContext.cpp" />
    <ClCompile Include="src\IsoEngine\Renderer\Shader.cpp" />
    <ClCompile Include="src\IsoEngine\Renderer\Buffer.cpp" />
    <ClCompile Include="src\IsoEngine\Platform\OpenGL\OpenGLBuffer.cpp" />
    <ClCompile Include="src\IsoEngine\Renderer\Renderer.cpp" />
    <ClCompile Include="src\IsoEngine\IsoLogger\Isologger.cpp" />
    <ClCompile Include="src\IsoEngine\Renderer\VertexArray.cpp" />
    <ClCompile Include="src\IsoEngine\Platform\OpenGL\OpenGLVertexArray.cpp" />
    <ClCompile Include="src\IsoEngine\Renderer\RendererAPI.cpp" />
    <ClCompile Include="src\IsoEngine\Renderer\RenderCommand.cpp" />
    <ClCompile Include="src\IsoEngine\Platform\OpenGL\OpenGLRendererAPI.cpp" />
  </ItemGroup>
  <ItemGroup>
    <None Include="Vendor\glm\glm">
      <Filter>Vendor\glm</Filter>
    </None>
  </ItemGroup>
</Project>